
Microsoft Visual Studio Solution File, Format Version 12.00
# Visual Studio 15
VisualStudioVersion = 15.0.27428.2043
MinimumVisualStudioVersion = 10.0.40219.1
Project("{FAE04EC0-301F-11D3-BF4B-00C04F79EFBC}") = "UploadingToWebApi.Wpf", "UploadingToWebApi\UploadingToWebApi.Wpf.csproj", "{D0F8E218-3381-481E-A4A3-DEABE192A909}"
EndProject
Project("{FAE04EC0-301F-11D3-BF4B-00C04F79EFBC}") = "UploadingToWebApi.Web", "UploadingToWebApi.Web\UploadingToWebApi.Web.csproj", "{BBE4BCCB-0F4A-4BC4-8FEC-03F7CA0D2A80}"
EndProject
Project("{FAE04EC0-301F-11D3-BF4B-00C04F79EFBC}") = "UploadingToWebApi.Uwp", "UploadingToWebApi.Uwp\UploadingToWebApi.Uwp.csproj", "{3AB19DFA-5D3F-4F92-97DB-7ED37BA1170B}"
EndProject
Global
	GlobalSection(SolutionConfigurationPlatforms) = preSolution
		Debug|Any CPU = Debug|Any CPU
		Debug|ARM = Debug|ARM
		Debug|x64 = Debug|x64
		Debug|x86 = Debug|x86
		Release|Any CPU = Release|Any CPU
		Release|ARM = Release|ARM
		Release|x64 = Release|x64
		Release|x86 = Release|x86
	EndGlobalSection
	GlobalSection(ProjectConfigurationPlatforms) = postSolution
		{D0F8E218-3381-481E-A4A3-DEABE192A909}.Debug|Any CPU.ActiveCfg = Debug|x86
		{D0F8E218-3381-481E-A4A3-DEABE192A909}.Debug|ARM.ActiveCfg = Debug|x86
		{D0F8E218-3381-481E-A4A3-DEABE192A909}.Debug|x64.ActiveCfg = Debug|x86
		{D0F8E218-3381-481E-A4A3-DEABE192A909}.Debug|x86.ActiveCfg = Debug|x86
		{D0F8E218-3381-481E-A4A3-DEABE192A909}.Debug|x86.Build.0 = Debug|x86
		{D0F8E218-3381-481E-A4A3-DEABE192A909}.Release|Any CPU.ActiveCfg = Release|x86
		{D0F8E218-3381-481E-A4A3-DEABE192A909}.Release|ARM.ActiveCfg = Release|x86
		{D0F8E218-3381-481E-A4A3-DEABE192A909}.Release|x64.ActiveCfg = Release|x86
		{D0F8E218-3381-481E-A4A3-DEABE192A909}.Release|x86.ActiveCfg = Release|x86
		{D0F8E218-3381-481E-A4A3-DEABE192A909}.Release|x86.Build.0 = Release|x86
		{BBE4BCCB-0F4A-4BC4-8FEC-03F7CA0D2A80}.Debug|Any CPU.ActiveCfg = Debug|Any CPU
		{BBE4BCCB-0F4A-4BC4-8FEC-03F7CA0D2A80}.Debug|Any CPU.Build.0 = Debug|Any CPU
		{BBE4BCCB-0F4A-4BC4-8FEC-03F7CA0D2A80}.Debug|ARM.ActiveCfg = Debug|Any CPU
		{BBE4BCCB-0F4A-4BC4-8FEC-03F7CA0D2A80}.Debug|ARM.Build.0 = Debug|Any CPU
		{BBE4BCCB-0F4A-4BC4-8FEC-03F7CA0D2A80}.Debug|x64.ActiveCfg = Debug|Any CPU
		{BBE4BCCB-0F4A-4BC4-8FEC-03F7CA0D2A80}.Debug|x64.Build.0 = Debug|Any CPU
		{BBE4BCCB-0F4A-4BC4-8FEC-03F7CA0D2A80}.Debug|x86.ActiveCfg = Debug|Any CPU
		{BBE4BCCB-0F4A-4BC4-8FEC-03F7CA0D2A80}.Debug|x86.Build.0 = Debug|Any CPU
		{BBE4BCCB-0F4A-4BC4-8FEC-03F7CA0D2A80}.Release|Any CPU.ActiveCfg = Release|Any CPU
		{BBE4BCCB-0F4A-4BC4-8FEC-03F7CA0D2A80}.Release|Any CPU.Build.0 = Release|Any CPU
		{BBE4BCCB-0F4A-4BC4-8FEC-03F7CA0D2A80}.Release|ARM.ActiveCfg = Release|Any CPU
		{BBE4BCCB-0F4A-4BC4-8FEC-03F7CA0D2A80}.Release|ARM.Build.0 = Release|Any CPU
		{BBE4BCCB-0F4A-4BC4-8FEC-03F7CA0D2A80}.Release|x64.ActiveCfg = Release|Any CPU
		{BBE4BCCB-0F4A-4BC4-8FEC-03F7CA0D2A80}.Release|x64.Build.0 = Release|Any CPU
		{BBE4BCCB-0F4A-4BC4-8FEC-03F7CA0D2A80}.Release|x86.ActiveCfg = Release|Any CPU
		{BBE4BCCB-0F4A-4BC4-8FEC-03F7CA0D2A80}.Release|x86.Build.0 = Release|Any CPU
		{3AB19DFA-5D3F-4F92-97DB-7ED37BA1170B}.Debug|Any CPU.ActiveCfg = Debug|x86
		{3AB19DFA-5D3F-4F92-97DB-7ED37BA1170B}.Debug|ARM.ActiveCfg = Debug|ARM
		{3AB19DFA-5D3F-4F92-97DB-7ED37BA1170B}.Debug|ARM.Build.0 = Debug|ARM
		{3AB19DFA-5D3F-4F92-97DB-7ED37BA1170B}.Debug|ARM.Deploy.0 = Debug|ARM
		{3AB19DFA-5D3F-4F92-97DB-7ED37BA1170B}.Debug|x64.ActiveCfg = Debug|x64
		{3AB19DFA-5D3F-4F92-97DB-7ED37BA1170B}.Debug|x64.Build.0 = Debug|x64
		{3AB19DFA-5D3F-4F92-97DB-7ED37BA1170B}.Debug|x64.Deploy.0 = Debug|x64
		{3AB19DFA-5D3F-4F92-97DB-7ED37BA1170B}.Debug|x86.ActiveCfg = Debug|x86
		{3AB19DFA-5D3F-4F92-97DB-7ED37BA1170B}.Debug|x86.Build.0 = Debug|x86
		{3AB19DFA-5D3F-4F92-97DB-7ED37BA1170B}.Debug|x86.Deploy.0 = Debug|x86
		{3AB19DFA-5D3F-4F92-97DB-7ED37BA1170B}.Release|Any CPU.ActiveCfg = Release|x86
		{3AB19DFA-5D3F-4F92-97DB-7ED37BA1170B}.Release|ARM.ActiveCfg = Release|ARM
		{3AB19DFA-5D3F-4F92-97DB-7ED37BA1170B}.Release|ARM.Build.0 = Release|ARM
		{3AB19DFA-5D3F-4F92-97DB-7ED37BA1170B}.Release|ARM.Deploy.0 = Release|ARM
		{3AB19DFA-5D3F-4F92-97DB-7ED37BA1170B}.Release|x64.ActiveCfg = Release|x64
		{3AB19DFA-5D3F-4F92-97DB-7ED37BA1170B}.Release|x64.Build.0 = Release|x64
		{3AB19DFA-5D3F-4F92-97DB-7ED37BA1170B}.Release|x64.Deploy.0 = Release|x64
		{3AB19DFA-5D3F-4F92-97DB-7ED37BA1170B}.Release|x86.ActiveCfg = Release|x86
		{3AB19DFA-5D3F-4F92-97DB-7ED37BA1170B}.Release|x86.Build.0 = Release|x86
		{3AB19DFA-5D3F-4F92-97DB-7ED37BA1170B}.Release|x86.Deploy.0 = Release|x86
	EndGlobalSection
	GlobalSection(SolutionProperties) = preSolution
		HideSolutionNode = FALSE
	EndGlobalSection
	GlobalSection(ExtensibilityGlobals) = postSolution
		SolutionGuid = {6C686715-0B77-4204-A72E-992AC8E37EEA}
	EndGlobalSection
EndGlobal
